
Microsoft Visual Studio Solution File, Format Version 12.00
# Visual Studio Version 17
VisualStudioVersion = 17.2.32526.322
MinimumVisualStudioVersion = 10.0.40219.1
Project("{FAE04EC0-301F-11D3-BF4B-00C04F79EFBC}") = "Prodavnica", "Prodavnica\Prodavnica.csproj", "{12D2680A-2F2E-4ABA-B42B-AB443FD343AB}"
EndProject
Global
	GlobalSection(SolutionConfigurationPlatforms) = preSolution
		Debug|Any CPU = Debug|Any CPU
		Release|Any CPU = Release|Any CPU
	EndGlobalSection
	GlobalSection(ProjectConfigurationPlatforms) = postSolution
		{12D2680A-2F2E-4ABA-B42B-AB443FD343AB}.Debug|Any CPU.ActiveCfg = Debug|Any CPU
		{12D2680A-2F2E-4ABA-B42B-AB443FD343AB}.Debug|Any CPU.Build.0 = Debug|Any CPU
		{12D2680A-2F2E-4ABA-B42B-AB443FD343AB}.Release|Any CPU.ActiveCfg = Release|Any CPU
		{12D2680A-2F2E-4ABA-B42B-AB443FD343AB}.Release|Any CPU.Build.0 = Release|Any CPU
	EndGlobalSection
	GlobalSection(SolutionProperties) = preSolution
		HideSolutionNode = FALSE
	EndGlobalSection
	GlobalSection(ExtensibilityGlobals) = postSolution
		SolutionGuid = {23B63B16-D106-474F-9679-59003FC0ED37}
	EndGlobalSection
EndGlobal
